// !$*UTF8*$!
{
	archiveVersion = 1;
	classes = {
	};
	objectVersion = 46;
	objects = {

/* Begin PBXBuildFile section */
		FE6A9F4F1A8972EF00EF9C1B /* AppDelegate.swift in Sources */ = {isa = PBXBuildFile; fileRef = FE6A9F4E1A8972EF00EF9C1B /* AppDelegate.swift */; };
		FE6A9F511A8972EF00EF9C1B /* ViewController.swift in Sources */ = {isa = PBXBuildFile; fileRef = FE6A9F501A8972EF00EF9C1B /* ViewController.swift */; };
		FE6A9F541A8972EF00EF9C1B /* Main.storyboard in Resources */ = {isa = PBXBuildFile; fileRef = FE6A9F521A8972EF00EF9C1B /* Main.storyboard */; };
		FE6A9F561A8972EF00EF9C1B /* Images.xcassets in Resources */ = {isa = PBXBuildFile; fileRef = FE6A9F551A8972EF00EF9C1B /* Images.xcassets */; };
		FE6A9F591A8972EF00EF9C1B /* LaunchScreen.xib in Resources */ = {isa = PBXBuildFile; fileRef = FE6A9F571A8972EF00EF9C1B /* LaunchScreen.xib */; };
		FE6A9F651A8972F000EF9C1B /* RGB_SlidersTests.swift in Sources */ = {isa = PBXBuildFile; fileRef = FE6A9F641A8972F000EF9C1B /* RGB_SlidersTests.swift */; };
/* End PBXBuildFile section */

/* Begin PBXContainerItemProxy section */
		FE6A9F5F1A8972F000EF9C1B /* PBXContainerItemProxy */ = {
			isa = PBXContainerItemProxy;
			containerPortal = FE6A9F411A8972EF00EF9C1B /* Project object */;
			proxyType = 1;
			remoteGlobalIDString = FE6A9F481A8972EF00EF9C1B;
			remoteInfo = "RGB Sliders";
		};
/* End PBXContainerItemProxy section */

/* Begin PBXFileReference section */
		FE6A9F491A8972EF00EF9C1B /* RGB Sliders.app */ = {isa = PBXFileReference; explicitFileType = wrapper.application; includeInIndex = 0; path = "RGB Sliders.app"; sourceTree = BUILT_PRODUCTS_DIR; };
		FE6A9F4D1A8972EF00EF9C1B /* Info.plist */ = {isa = PBXFileReference; lastKnownFileType = text.plist.xml; path = Info.plist; sourceTree = "<group>"; };
		FE6A9F4E1A8972EF00EF9C1B /* AppDelegate.swift */ = {isa = PBXFileReference; lastKnownFileType = sourcecode.swift; path = AppDelegate.swift; sourceTree = "<group>"; };
		FE6A9F501A8972EF00EF9C1B /* ViewController.swift */ = {isa = PBXFileReference; lastKnownFileType = sourcecode.swift; path = ViewController.swift; sourceTree = "<group>"; };
		FE6A9F531A8972EF00EF9C1B /* Base */ = {isa = PBXFileReference; lastKnownFileType = file.storyboard; name = Base; path = Base.lproj/Main.storyboard; sourceTree = "<group>"; };
		FE6A9F551A8972EF00EF9C1B /* Images.xcassets */ = {isa = PBXFileReference; lastKnownFileType = folder.assetcatalog; path = Images.xcassets; sourceTree = "<group>"; };
		FE6A9F581A8972EF00EF9C1B /* Base */ = {isa = PBXFileReference; lastKnownFileType = file.xib; name = Base; path = Base.lproj/LaunchScreen.xib; sourceTree = "<group>"; };
		FE6A9F5E1A8972F000EF9C1B /* RGB SlidersTests.xctest */ = {isa = PBXFileReference; explicitFileType = wrapper.cfbundle; includeInIndex = 0; path = "RGB SlidersTests.xctest"; sourceTree = BUILT_PRODUCTS_DIR; };
		FE6A9F631A8972F000EF9C1B /* Info.plist */ = {isa = PBXFileReference; lastKnownFileType = text.plist.xml; path = Info.plist; sourceTree = "<group>"; };
		FE6A9F641A8972F000EF9C1B /* RGB_SlidersTests.swift */ = {isa = PBXFileReference; lastKnownFileType = sourcecode.swift; path = RGB_SlidersTests.swift; sourceTree = "<group>"; };
/* End PBXFileReference section */

/* Begin PBXFrameworksBuildPhase section */
		FE6A9F461A8972EF00EF9C1B /* Frameworks */ = {
			isa = PBXFrameworksBuildPhase;
			buildActionMask = 2147483647;
			files = (
			);
			runOnlyForDeploymentPostprocessing = 0;
		};
		FE6A9F5B1A8972F000EF9C1B /* Frameworks */ = {
			isa = PBXFrameworksBuildPhase;
			buildActionMask = 2147483647;
			files = (
			);
			runOnlyForDeploymentPostprocessing = 0;
		};
/* End PBXFrameworksBuildPhase section */

/* Begin PBXGroup section */
		FE6A9F401A8972EF00EF9C1B = {
			isa = PBXGroup;
			children = (
				FE6A9F4B1A8972EF00EF9C1B /* RGB Sliders */,
				FE6A9F611A8972F000EF9C1B /* RGB SlidersTests */,
				FE6A9F4A1A8972EF00EF9C1B /* Products */,
			);
			sourceTree = "<group>";
		};
		FE6A9F4A1A8972EF00EF9C1B /* Products */ = {
			isa = PBXGroup;
			children = (
				FE6A9F491A8972EF00EF9C1B /* RGB Sliders.app */,
				FE6A9F5E1A8972F000EF9C1B /* RGB SlidersTests.xctest */,
			);
			name = Products;
			sourceTree = "<group>";
		};
		FE6A9F4B1A8972EF00EF9C1B /* RGB Sliders */ = {
			isa = PBXGroup;
			children = (
				FE6A9F4E1A8972EF00EF9C1B /* AppDelegate.swift */,
				FE6A9F501A8972EF00EF9C1B /* ViewController.swift */,
				FE6A9F521A8972EF00EF9C1B /* Main.storyboard */,
				FE6A9F551A8972EF00EF9C1B /* Images.xcassets */,
				FE6A9F571A8972EF00EF9C1B /* LaunchScreen.xib */,
				FE6A9F4C1A8972EF00EF9C1B /* Supporting Files */,
			);
			path = "RGB Sliders";
			sourceTree = "<group>";
		};
		FE6A9F4C1A8972EF00EF9C1B /* Supporting Files */ = {
			isa = PBXGroup;
			children = (
				FE6A9F4D1A8972EF00EF9C1B /* Info.plist */,
			);
			name = "Supporting Files";
			sourceTree = "<group>";
		};
		FE6A9F611A8972F000EF9C1B /* RGB SlidersTests */ = {
			isa = PBXGroup;
			children = (
				FE6A9F641A8972F000EF9C1B /* RGB_SlidersTests.swift */,
				FE6A9F621A8972F000EF9C1B /* Supporting Files */,
			);
			path = "RGB SlidersTests";
			sourceTree = "<group>";
		};
		FE6A9F621A8972F000EF9C1B /* Supporting Files */ = {
			isa = PBXGroup;
			children = (
				FE6A9F631A8972F000EF9C1B /* Info.plist */,
			);
			name = "Supporting Files";
			sourceTree = "<group>";
		};
/* End PBXGroup section */

/* Begin PBXNativeTarget section */
		FE6A9F481A8972EF00EF9C1B /* RGB Sliders */ = {
			isa = PBXNativeTarget;
			buildConfigurationList = FE6A9F681A8972F000EF9C1B /* Build configuration list for PBXNativeTarget "RGB Sliders" */;
			buildPhases = (
				FE6A9F451A8972EF00EF9C1B /* Sources */,
				FE6A9F461A8972EF00EF9C1B /* Frameworks */,
				FE6A9F471A8972EF00EF9C1B /* Resources */,
			);
			buildRules = (
			);
			dependencies = (
			);
			name = "RGB Sliders";
			productName = "RGB Sliders";
			productReference = FE6A9F491A8972EF00EF9C1B /* RGB Sliders.app */;
			productType = "com.apple.product-type.application";
		};
		FE6A9F5D1A8972F000EF9C1B /* RGB SlidersTests */ = {
			isa = PBXNativeTarget;
			buildConfigurationList = FE6A9F6B1A8972F000EF9C1B /* Build configuration list for PBXNativeTarget "RGB SlidersTests" */;
			buildPhases = (
				FE6A9F5A1A8972F000EF9C1B /* Sources */,
				FE6A9F5B1A8972F000EF9C1B /* Frameworks */,
				FE6A9F5C1A8972F000EF9C1B /* Resources */,
			);
			buildRules = (
			);
			dependencies = (
				FE6A9F601A8972F000EF9C1B /* PBXTargetDependency */,
			);
			name = "RGB SlidersTests";
			productName = "RGB SlidersTests";
			productReference = FE6A9F5E1A8972F000EF9C1B /* RGB SlidersTests.xctest */;
			productType = "com.apple.product-type.bundle.unit-test";
		};
/* End PBXNativeTarget section */

/* Begin PBXProject section */
		FE6A9F411A8972EF00EF9C1B /* Project object */ = {
			isa = PBXProject;
			attributes = {
				LastUpgradeCheck = 0610;
				ORGANIZATIONNAME = "Electric City Studios";
				TargetAttributes = {
					FE6A9F481A8972EF00EF9C1B = {
						CreatedOnToolsVersion = 6.1.1;
					};
					FE6A9F5D1A8972F000EF9C1B = {
						CreatedOnToolsVersion = 6.1.1;
						TestTargetID = FE6A9F481A8972EF00EF9C1B;
					};
				};
			};
			buildConfigurationList = FE6A9F441A8972EF00EF9C1B /* Build configuration list for PBXProject "RGB Sliders" */;
			compatibilityVersion = "Xcode 3.2";
			developmentRegion = English;
			hasScannedForEncodings = 0;
			knownRegions = (
				en,
				Base,
			);
			mainGroup = FE6A9F401A8972EF00EF9C1B;
			productRefGroup = FE6A9F4A1A8972EF00EF9C1B /* Products */;
			projectDirPath = "";
			projectRoot = "";
			targets = (
				FE6A9F481A8972EF00EF9C1B /* RGB Sliders */,
				FE6A9F5D1A8972F000EF9C1B /* RGB SlidersTests */,
			);
		};
/* End PBXProject section */

/* Begin PBXResourcesBuildPhase section */
		FE6A9F471A8972EF00EF9C1B /* Resources */ = {
			isa = PBXResourcesBuildPhase;
			buildActionMask = 2147483647;
			files = (
				FE6A9F541A8972EF00EF9C1B /* Main.storyboard in Resources */,
				FE6A9F591A8972EF00EF9C1B /* LaunchScreen.xib in Resources */,
				FE6A9F561A8972EF00EF9C1B /* Images.xcassets in Resources */,
			);
			runOnlyForDeploymentPostprocessing = 0;
		};
		FE6A9F5C1A8972F000EF9C1B /* Resources */ = {
			isa = PBXResourcesBuildPhase;
			buildActionMask = 2147483647;
			files = (
			);
			runOnlyForDeploymentPostprocessing = 0;
		};
/* End PBXResourcesBuildPhase section */

/* Begin PBXSourcesBuildPhase section */
		FE6A9F451A8972EF00EF9C1B /* Sources */ = {
			isa = PBXSourcesBuildPhase;
			buildActionMask = 2147483647;
			files = (
				FE6A9F511A8972EF00EF9C1B /* ViewController.swift in Sources */,
				FE6A9F4F1A8972EF00EF9C1B /* AppDelegate.swift in Sources */,
			);
			runOnlyForDeploymentPostprocessing = 0;
		};
		FE6A9F5A1A8972F000EF9C1B /* Sources */ = {
			isa = PBXSourcesBuildPhase;
			buildActionMask = 2147483647;
			files = (
				FE6A9F651A8972F000EF9C1B /* RGB_SlidersTests.swift in Sources */,
			);
			runOnlyForDeploymentPostprocessing = 0;
		};
/* End PBXSourcesBuildPhase section */

/* Begin PBXTargetDependency section */
		FE6A9F601A8972F000EF9C1B /* PBXTargetDependency */ = {
			isa = PBXTargetDependency;
			target = FE6A9F481A8972EF00EF9C1B /* RGB Sliders */;
			targetProxy = FE6A9F5F1A8972F000EF9C1B /* PBXContainerItemProxy */;
		};
/* End PBXTargetDependency section */

/* Begin PBXVariantGroup section */
		FE6A9F521A8972EF00EF9C1B /* Main.storyboard */ = {
			isa = PBXVariantGroup;
			children = (
				FE6A9F531A8972EF00EF9C1B /* Base */,
			);
			name = Main.storyboard;
			sourceTree = "<group>";
		};
		FE6A9F571A8972EF00EF9C1B /* LaunchScreen.xib */ = {
			isa = PBXVariantGroup;
			children = (
				FE6A9F581A8972EF00EF9C1B /* Base */,
			);
			name = LaunchScreen.xib;
			sourceTree = "<group>";
		};
/* End PBXVariantGroup section */

/* Begin XCBuildConfiguration section */
		FE6A9F661A8972F000EF9C1B /* Debug */ = {
			isa = XCBuildConfiguration;
			buildSettings = {
				ALWAYS_SEARCH_USER_PATHS = NO;
				CLANG_CXX_LANGUAGE_STANDARD = "gnu++0x";
				CLANG_CXX_LIBRARY = "libc++";
				CLANG_ENABLE_MODULES = YES;
				CLANG_ENABLE_OBJC_ARC = YES;
				CLANG_WARN_BOOL_CONVERSION = YES;
				CLANG_WARN_CONSTANT_CONVERSION = YES;
				CLANG_WARN_DIRECT_OBJC_ISA_USAGE = YES_ERROR;
				CLANG_WARN_EMPTY_BODY = YES;
				CLANG_WARN_ENUM_CONVERSION = YES;
				CLANG_WARN_INT_CONVERSION = YES;
				CLANG_WARN_OBJC_ROOT_CLASS = YES_ERROR;
				CLANG_WARN_UNREACHABLE_CODE = YES;
				CLANG_WARN__DUPLICATE_METHOD_MATCH = YES;
				"CODE_SIGN_IDENTITY[sdk=iphoneos*]" = "iPhone Developer";
				COPY_PHASE_STRIP = NO;
				ENABLE_STRICT_OBJC_MSGSEND = YES;
				GCC_C_LANGUAGE_STANDARD = gnu99;
				GCC_DYNAMIC_NO_PIC = NO;
				GCC_OPTIMIZATION_LEVEL = 0;
				GCC_PREPROCESSOR_DEFINITIONS = (
					"DEBUG=1",
					"$(inherited)",
				);
				GCC_SYMBOLS_PRIVATE_EXTERN = NO;
				GCC_WARN_64_TO_32_BIT_CONVERSION = YES;
				GCC_WARN_ABOUT_RETURN_TYPE = YES_ERROR;
				GCC_WARN_UNDECLARED_SELECTOR = YES;
				GCC_WARN_UNINITIALIZED_AUTOS = YES_AGGRESSIVE;
				GCC_WARN_UNUSED_FUNCTION = YES;
				GCC_WARN_UNUSED_VARIABLE = YES;
				IPHONEOS_DEPLOYMENT_TARGET = 8.1;
				MTL_ENABLE_DEBUG_INFO = YES;
				ONLY_ACTIVE_ARCH = YES;
				SDKROOT = iphoneos;
				SWIFT_OPTIMIZATION_LEVEL = "-Onone";
			};
			name = Debug;
		};
		FE6A9F671A8972F000EF9C1B /* Release */ = {
			isa = XCBuildConfiguration;
			buildSettings = {
				ALWAYS_SEARCH_USER_PATHS = NO;
				CLANG_CXX_LANGUAGE_STANDARD = "gnu++0x";
				CLANG_CXX_LIBRARY = "libc++";
				CLANG_ENABLE_MODULES = YES;
				CLANG_ENABLE_OBJC_ARC = YES;
				CLANG_WARN_BOOL_CONVERSION = YES;
				CLANG_WARN_CONSTANT_CONVERSION = YES;
				CLANG_WARN_DIRECT_OBJC_ISA_USAGE = YES_ERROR;
				CLANG_WARN_EMPTY_BODY = YES;
				CLANG_WARN_ENUM_CONVERSION = YES;
				CLANG_WARN_INT_CONVERSION = YES;
				CLANG_WARN_OBJC_ROOT_CLASS = YES_ERROR;
				CLANG_WARN_UNREACHABLE_CODE = YES;
				CLANG_WARN__DUPLICATE_METHOD_MATCH = YES;
				"CODE_SIGN_IDENTITY[sdk=iphoneos*]" = "iPhone Developer";
				COPY_PHASE_STRIP = YES;
				ENABLE_NS_ASSERTIONS = NO;
				ENABLE_STRICT_OBJC_MSGSEND = YES;
				GCC_C_LANGUAGE_STANDARD = gnu99;
				GCC_WARN_64_TO_32_BIT_CONVERSION = YES;
				GCC_WARN_ABOUT_RETURN_TYPE = YES_ERROR;
				GCC_WARN_UNDECLARED_SELECTOR = YES;
				GCC_WARN_UNINITIALIZED_AUTOS = YES_AGGRESSIVE;
				GCC_WARN_UNUSED_FUNCTION = YES;
				GCC_WARN_UNUSED_VARIABLE = YES;
				IPHONEOS_DEPLOYMENT_TARGET = 8.1;
				MTL_ENABLE_DEBUG_INFO = NO;
				SDKROOT = iphoneos;
				VALIDATE_PRODUCT = YES;
			};
			name = Release;
		};
		FE6A9F691A8972F000EF9C1B /* Debug */ = {
			isa = XCBuildConfiguration;
			buildSettings = {
				ASSETCATALOG_COMPILER_APPICON_NAME = AppIcon;
				INFOPLIST_FILE = "RGB Sliders/Info.plist";
				LD_RUNPATH_SEARCH_PATHS = "$(inherited) @executable_path/Frameworks";
				PRODUCT_NAME = "$(TARGET_NAME)";
			};
			name = Debug;
		};
		FE6A9F6A1A8972F000EF9C1B /* Release */ = {
			isa = XCBuildConfiguration;
			buildSettings = {
				ASSETCATALOG_COMPILER_APPICON_NAME = AppIcon;
				INFOPLIST_FILE = "RGB Sliders/Info.plist";
				LD_RUNPATH_SEARCH_PATHS = "$(inherited) @executable_path/Frameworks";
				PRODUCT_NAME = "$(TARGET_NAME)";
			};
			name = Release;
		};
		FE6A9F6C1A8972F000EF9C1B /* Debug */ = {
			isa = XCBuildConfiguration;
			buildSettings = {
				BUNDLE_LOADER = "$(TEST_HOST)";
				FRAMEWORK_SEARCH_PATHS = (
					"$(SDKROOT)/Developer/Library/Frameworks",
					"$(inherited)",
				);
				GCC_PREPROCESSOR_DEFINITIONS = (
					"DEBUG=1",
					"$(inherited)",
				);
				INFOPLIST_FILE = "RGB SlidersTests/Info.plist";
				LD_RUNPATH_SEARCH_PATHS = "$(inherited) @executable_path/Frameworks @loader_path/Frameworks";
				PRODUCT_NAME = "$(TARGET_NAME)";
				TEST_HOST = "$(BUILT_PRODUCTS_DIR)/RGB Sliders.app/RGB Sliders";
			};
			name = Debug;
		};
		FE6A9F6D1A8972F000EF9C1B /* Release */ = {
			isa = XCBuildConfiguration;
			buildSettings = {
				BUNDLE_LOADER = "$(TEST_HOST)";
				FRAMEWORK_SEARCH_PATHS = (
					"$(SDKROOT)/Developer/Library/Frameworks",
					"$(inherited)",
				);
				INFOPLIST_FILE = "RGB SlidersTests/Info.plist";
				LD_RUNPATH_SEARCH_PATHS = "$(inherited) @executable_path/Frameworks @loader_path/Frameworks";
				PRODUCT_NAME = "$(TARGET_NAME)";
				TEST_HOST = "$(BUILT_PRODUCTS_DIR)/RGB Sliders.app/RGB Sliders";
			};
			name = Release;
		};
/* End XCBuildConfiguration section */

/* Begin XCConfigurationList section */
		FE6A9F441A8972EF00EF9C1B /* Build configuration list for PBXProject "RGB Sliders" */ = {
			isa = XCConfigurationList;
			buildConfigurations = (
				FE6A9F661A8972F000EF9C1B /* Debug */,
				FE6A9F671A8972F000EF9C1B /* Release */,
			);
			defaultConfigurationIsVisible = 0;
			defaultConfigurationName = Release;
		};
		FE6A9F681A8972F000EF9C1B /* Build configuration list for PBXNativeTarget "RGB Sliders" */ = {
			isa = XCConfigurationList;
			buildConfigurations = (
				FE6A9F691A8972F000EF9C1B /* Debug */,
				FE6A9F6A1A8972F000EF9C1B /* Release */,
			);
			defaultConfigurationIsVisible = 0;
		};
		FE6A9F6B1A8972F000EF9C1B /* Build configuration list for PBXNativeTarget "RGB SlidersTests" */ = {
			isa = XCConfigurationList;
			buildConfigurations = (
				FE6A9F6C1A8972F000EF9C1B /* Debug */,
				FE6A9F6D1A8972F000EF9C1B /* Release */,
			);
			defaultConfigurationIsVisible = 0;
		};
/* End XCConfigurationList section */
	};
	rootObject = FE6A9F411A8972EF00EF9C1B /* Project object */;
}
